<?xml version="1.0" encoding="utf-8"?>
<Project ToolsVersion="4.0" xmlns="http://schemas.microsoft.com/developer/msbuild/2003">
  <ItemGroup>
    <Filter Include="资源文件">
      <UniqueIdentifier>{67DA6AB6-F800-4c08-8B7A-83BB121AAD01}</UniqueIdentifier>
      <Extensions>rc;ico;cur;bmp;dlg;rc2;rct;bin;rgs;gif;jpg;jpeg;jpe;resx;tiff;tif;png;wav;mfcribbon-ms</Extensions>
    </Filter>
    <Filter Include="LuaWrapper">
      <UniqueIdentifier>{af8938ad-2a12-4624-9bd3-64b8f06129bf}</UniqueIdentifier>
    </Filter>
    <Filter Include="EventSystem">
      <UniqueIdentifier>{680906c6-2574-4671-a58a-c3eef95376d0}</UniqueIdentifier>
    </Filter>
    <Filter Include="UiAnimation">
      <UniqueIdentifier>{c7f4a0eb-b2b2-4ed3-8fd2-3583c17af027}</UniqueIdentifier>
    </Filter>
    <Filter Include="Animation">
      <UniqueIdentifier>{0b6dea71-1129-4777-b2e3-a81ebb3f576c}</UniqueIdentifier>
    </Filter>
  </ItemGroup>
  <ItemGroup>
    <ClCompile Include="main.cpp" />
    <ClCompile Include="scCore.cpp" />
    <ClCompile Include="scTimeLine.cpp" />
    <ClCompile Include="scTimeLineManager.cpp" />
    <ClCompile Include="scRenderer.cpp" />
    <ClCompile Include="scGameWorld.cpp" />
    <ClCompile Include="scGameWorldManager.cpp" />
    <ClCompile Include="scGameArea.cpp" />
    <ClCompile Include="scServerGameWorld.cpp" />
    <ClCompile Include="scInputManager.cpp" />
    <ClCompile Include="scLuaWrapperMath.cpp">
      <Filter>LuaWrapper</Filter>
    </ClCompile>
    <ClCompile Include="scLuaWrapperCamera.cpp">
      <Filter>LuaWrapper</Filter>
    </ClCompile>
    <ClCompile Include="scLuaWrapperInput.cpp">
      <Filter>LuaWrapper</Filter>
    </ClCompile>
    <ClCompile Include="scLuaWrapperError.cpp">
      <Filter>LuaWrapper</Filter>
    </ClCompile>
    <ClCompile Include="scLuaWrapperGui.cpp">
      <Filter>LuaWrapper</Filter>
    </ClCompile>
    <ClCompile Include="scEventQueue.cpp">
      <Filter>EventSystem</Filter>
    </ClCompile>
    <ClCompile Include="scEventRouter.cpp">
      <Filter>EventSystem</Filter>
    </ClCompile>
    <ClCompile Include="scLuaWrapperEvent.cpp">
      <Filter>LuaWrapper</Filter>
    </ClCompile>
    <ClCompile Include="scLuaWrapperUtils.cpp">
      <Filter>LuaWrapper</Filter>
    </ClCompile>
    <ClCompile Include="scUiAlphaAnimation.cpp">
      <Filter>UiAnimation</Filter>
    </ClCompile>
    <ClCompile Include="scUiAnimationGroup.cpp">
      <Filter>UiAnimation</Filter>
    </ClCompile>
    <ClCompile Include="scAnimation.cpp">
      <Filter>Animation</Filter>
    </ClCompile>
    <ClCompile Include="scUiRotateAnimation.cpp">
      <Filter>UiAnimation</Filter>
    </ClCompile>
    <ClCompile Include="scUiScaleAnimation.cpp">
      <Filter>UiAnimation</Filter>
    </ClCompile>
    <ClCompile Include="scUiTranslateAnimation.cpp">
      <Filter>UiAnimation</Filter>
    </ClCompile>
  </ItemGroup>
  <ItemGroup>
    <ClInclude Include="scCore.h" />
    <ClInclude Include="scError.h" />
    <ClInclude Include="scTypeDefine.h" />
    <ClInclude Include="scTimeLineManager.h" />
    <ClInclude Include="scTimeLine.h" />
    <ClInclude Include="scSingleton.h" />
    <ClInclude Include="scRenderer.h" />
    <ClInclude Include="scGameWorld.h" />
    <ClInclude Include="scGameWorldManager.h" />
    <ClInclude Include="scGameArea.h" />
    <ClInclude Include="scServerGameWorld.h" />
    <ClInclude Include="scInputManager.h" />
    <ClInclude Include="scUtils.h" />
    <ClInclude Include="scLuaWrapper.h">
      <Filter>LuaWrapper</Filter>
    </ClInclude>
    <ClInclude Include="scEvent.h">
      <Filter>EventSystem</Filter>
    </ClInclude>
    <ClInclude Include="scEventRouter.h">
      <Filter>EventSystem</Filter>
    </ClInclude>
    <ClInclude Include="scEventQueue.h">
      <Filter>EventSystem</Filter>
    </ClInclude>
    <ClInclude Include="scUiAnimation.h">
      <Filter>UiAnimation</Filter>
    </ClInclude>
    <ClInclude Include="scUiAnimationGroup.h">
      <Filter>UiAnimation</Filter>
    </ClInclude>
    <ClInclude Include="scUiAlphaAnimation.h">
      <Filter>UiAnimation</Filter>
    </ClInclude>
    <ClInclude Include="scAnimation.h">
      <Filter>Animation</Filter>
    </ClInclude>
    <ClInclude Include="scUiRotateAnimation.h">
      <Filter>UiAnimation</Filter>
    </ClInclude>
    <ClInclude Include="scUiScaleAnimation.h">
      <Filter>UiAnimation</Filter>
    </ClInclude>
    <ClInclude Include="scUiTranslateAnimation.h">
      <Filter>UiAnimation</Filter>
    </ClInclude>
    <ClInclude Include="scKeyFrame.h">
      <Filter>Animation</Filter>
    </ClInclude>
    <ClInclude Include="scGenericAnimation.h">
      <Filter>Animation</Filter>
    </ClInclude>
    <ClInclude Include="scGenericKeyFrame.h">
      <Filter>Animation</Filter>
    </ClInclude>
  </ItemGroup>
</Project>